
Microsoft Visual Studio Solution File, Format Version 12.00
# Visual Studio 14
VisualStudioVersion = 14.0.25420.1
MinimumVisualStudioVersion = 10.0.40219.1
Project("{FAE04EC0-301F-11D3-BF4B-00C04F79EFBC}") = "MazeImageSolver", "MazeImageSolver\MazeImageSolver.csproj", "{0773A084-839E-4447-8D59-5F0D973FDF88}"
EndProject
Project("{2150E333-8FDC-42A3-9474-1A3956D46DE8}") = "Solution Items", "Solution Items", "{E2E6D337-C3D0-4DEE-B847-9FAC3FA84DCD}"
EndProject
Global
	GlobalSection(SolutionConfigurationPlatforms) = preSolution
		Debug|Any CPU = Debug|Any CPU
		Release|Any CPU = Release|Any CPU
	EndGlobalSection
	GlobalSection(ProjectConfigurationPlatforms) = postSolution
		{0773A084-839E-4447-8D59-5F0D973FDF88}.Debug|Any CPU.ActiveCfg = Debug|Any CPU
		{0773A084-839E-4447-8D59-5F0D973FDF88}.Debug|Any CPU.Build.0 = Debug|Any CPU
		{0773A084-839E-4447-8D59-5F0D973FDF88}.Release|Any CPU.ActiveCfg = Release|Any CPU
		{0773A084-839E-4447-8D59-5F0D973FDF88}.Release|Any CPU.Build.0 = Release|Any CPU
	EndGlobalSection
	GlobalSection(SolutionProperties) = preSolution
		HideSolutionNode = FALSE
	EndGlobalSection
EndGlobal
